
Microsoft Visual Studio Solution File, Format Version 12.00
# Visual Studio Version 16
VisualStudioVersion = 16.0.30128.74
MinimumVisualStudioVersion = 10.0.40219.1
Project("{FAE04EC0-301F-11D3-BF4B-00C04F79EFBC}") = "MVCApp", "MVCApp\MVCApp.csproj", "{00B40C35-B4CB-4DE5-BBA1-9886BED19655}"
EndProject
Project("{FAE04EC0-301F-11D3-BF4B-00C04F79EFBC}") = "DataLibrary", "DataLibrary\DataLibrary.csproj", "{B0C083A8-2D50-4A4E-9995-6FD1729B53EA}"
EndProject
Project("{00D1A9C2-B5F0-4AF3-8072-F6C62B433612}") = "MVCDemoDB", "MVCDemoDB\MVCDemoDB.sqlproj", "{70D9A201-13B4-4837-AD52-4E848686AEE0}"
EndProject
Global
	GlobalSection(SolutionConfigurationPlatforms) = preSolution
		Debug|Any CPU = Debug|Any CPU
		Release|Any CPU = Release|Any CPU
	EndGlobalSection
	GlobalSection(ProjectConfigurationPlatforms) = postSolution
		{00B40C35-B4CB-4DE5-BBA1-9886BED19655}.Debug|Any CPU.ActiveCfg = Debug|Any CPU
		{00B40C35-B4CB-4DE5-BBA1-9886BED19655}.Debug|Any CPU.Build.0 = Debug|Any CPU
		{00B40C35-B4CB-4DE5-BBA1-9886BED19655}.Release|Any CPU.ActiveCfg = Release|Any CPU
		{00B40C35-B4CB-4DE5-BBA1-9886BED19655}.Release|Any CPU.Build.0 = Release|Any CPU
		{B0C083A8-2D50-4A4E-9995-6FD1729B53EA}.Debug|Any CPU.ActiveCfg = Debug|Any CPU
		{B0C083A8-2D50-4A4E-9995-6FD1729B53EA}.Debug|Any CPU.Build.0 = Debug|Any CPU
		{B0C083A8-2D50-4A4E-9995-6FD1729B53EA}.Release|Any CPU.ActiveCfg = Release|Any CPU
		{B0C083A8-2D50-4A4E-9995-6FD1729B53EA}.Release|Any CPU.Build.0 = Release|Any CPU
		{70D9A201-13B4-4837-AD52-4E848686AEE0}.Debug|Any CPU.ActiveCfg = Debug|Any CPU
		{70D9A201-13B4-4837-AD52-4E848686AEE0}.Debug|Any CPU.Build.0 = Debug|Any CPU
		{70D9A201-13B4-4837-AD52-4E848686AEE0}.Debug|Any CPU.Deploy.0 = Debug|Any CPU
		{70D9A201-13B4-4837-AD52-4E848686AEE0}.Release|Any CPU.ActiveCfg = Release|Any CPU
		{70D9A201-13B4-4837-AD52-4E848686AEE0}.Release|Any CPU.Build.0 = Release|Any CPU
		{70D9A201-13B4-4837-AD52-4E848686AEE0}.Release|Any CPU.Deploy.0 = Release|Any CPU
	EndGlobalSection
	GlobalSection(SolutionProperties) = preSolution
		HideSolutionNode = FALSE
	EndGlobalSection
	GlobalSection(ExtensibilityGlobals) = postSolution
		SolutionGuid = {A080872E-1ADD-4756-A779-72FF2CE7E380}
	EndGlobalSection
EndGlobal
